// !$*UTF8*$!
{
	archiveVersion = 1;
	classes = {
	};
	objectVersion = 50;
	objects = {

/* Begin PBXBuildFile section */
		5446EAAE23245087006A4FB7 /* AppDelegate.swift in Sources */ = {isa = PBXBuildFile; fileRef = 5446EAAD23245087006A4FB7 /* AppDelegate.swift */; };
		5446EAB023245087006A4FB7 /* SceneDelegate.swift in Sources */ = {isa = PBXBuildFile; fileRef = 5446EAAF23245087006A4FB7 /* SceneDelegate.swift */; };
		5446EAB223245087006A4FB7 /* ContentView.swift in Sources */ = {isa = PBXBuildFile; fileRef = 5446EAB123245087006A4FB7 /* ContentView.swift */; };
		5446EAB423245089006A4FB7 /* Assets.xcassets in Resources */ = {isa = PBXBuildFile; fileRef = 5446EAB323245089006A4FB7 /* Assets.xcassets */; };
		5446EAB723245089006A4FB7 /* Preview Assets.xcassets in Resources */ = {isa = PBXBuildFile; fileRef = 5446EAB623245089006A4FB7 /* Preview Assets.xcassets */; };
		5446EABA23245089006A4FB7 /* LaunchScreen.storyboard in Resources */ = {isa = PBXBuildFile; fileRef = 5446EAB823245089006A4FB7 /* LaunchScreen.storyboard */; };
		5446EAC523245089006A4FB7 /* automatonTests.swift in Sources */ = {isa = PBXBuildFile; fileRef = 5446EAC423245089006A4FB7 /* automatonTests.swift */; };
		5495356423262D6C00FB82D9 /* Media.xcassets in Resources */ = {isa = PBXBuildFile; fileRef = 5495356323262D6C00FB82D9 /* Media.xcassets */; };
		54BFD23E2324DB4E00EC398C /* RedirectionRow.swift in Sources */ = {isa = PBXBuildFile; fileRef = 54BFD23D2324DB4E00EC398C /* RedirectionRow.swift */; };
		54BFD24023258E2F00EC398C /* IntentActionStore.swift in Sources */ = {isa = PBXBuildFile; fileRef = 54BFD23F23258E2F00EC398C /* IntentActionStore.swift */; };
/* End PBXBuildFile section */

/* Begin PBXContainerItemProxy section */
		5446EAC123245089006A4FB7 /* PBXContainerItemProxy */ = {
			isa = PBXContainerItemProxy;
			containerPortal = 5446EAA223245086006A4FB7 /* Project object */;
			proxyType = 1;
			remoteGlobalIDString = 5446EAA923245086006A4FB7;
			remoteInfo = automaton;
		};
/* End PBXContainerItemProxy section */

/* Begin PBXFileReference section */
		5446EAAA23245087006A4FB7 /* automaton.app */ = {isa = PBXFileReference; explicitFileType = wrapper.application; includeInIndex = 0; path = automaton.app; sourceTree = BUILT_PRODUCTS_DIR; };
		5446EAAD23245087006A4FB7 /* AppDelegate.swift */ = {isa = PBXFileReference; lastKnownFileType = sourcecode.swift; path = AppDelegate.swift; sourceTree = "<group>"; };
		5446EAAF23245087006A4FB7 /* SceneDelegate.swift */ = {isa = PBXFileReference; lastKnownFileType = sourcecode.swift; path = SceneDelegate.swift; sourceTree = "<group>"; };
		5446EAB123245087006A4FB7 /* ContentView.swift */ = {isa = PBXFileReference; lastKnownFileType = sourcecode.swift; path = ContentView.swift; sourceTree = "<group>"; };
		5446EAB323245089006A4FB7 /* Assets.xcassets */ = {isa = PBXFileReference; lastKnownFileType = folder.assetcatalog; path = Assets.xcassets; sourceTree = "<group>"; };
		5446EAB623245089006A4FB7 /* Preview Assets.xcassets */ = {isa = PBXFileReference; lastKnownFileType = folder.assetcatalog; path = "Preview Assets.xcassets"; sourceTree = "<group>"; };
		5446EAB923245089006A4FB7 /* Base */ = {isa = PBXFileReference; lastKnownFileType = file.storyboard; name = Base; path = Base.lproj/LaunchScreen.storyboard; sourceTree = "<group>"; };
		5446EABB23245089006A4FB7 /* Info.plist */ = {isa = PBXFileReference; lastKnownFileType = text.plist; name = Info.plist; path = ../Info.plist; sourceTree = "<group>"; };
		5446EAC023245089006A4FB7 /* automatonTests.xctest */ = {isa = PBXFileReference; explicitFileType = wrapper.cfbundle; includeInIndex = 0; path = automatonTests.xctest; sourceTree = BUILT_PRODUCTS_DIR; };
		5446EAC423245089006A4FB7 /* automatonTests.swift */ = {isa = PBXFileReference; lastKnownFileType = sourcecode.swift; path = automatonTests.swift; sourceTree = "<group>"; };
		5446EAC623245089006A4FB7 /* Info.plist */ = {isa = PBXFileReference; lastKnownFileType = text.plist.xml; path = Info.plist; sourceTree = "<group>"; };
		5495356323262D6C00FB82D9 /* Media.xcassets */ = {isa = PBXFileReference; lastKnownFileType = folder.assetcatalog; path = Media.xcassets; sourceTree = "<group>"; };
		54BFD23D2324DB4E00EC398C /* RedirectionRow.swift */ = {isa = PBXFileReference; fileEncoding = 4; lastKnownFileType = sourcecode.swift; path = RedirectionRow.swift; sourceTree = "<group>"; };
		54BFD23F23258E2F00EC398C /* IntentActionStore.swift */ = {isa = PBXFileReference; lastKnownFileType = sourcecode.swift; path = IntentActionStore.swift; sourceTree = "<group>"; };
/* End PBXFileReference section */

/* Begin PBXFrameworksBuildPhase section */
		5446EAA723245086006A4FB7 /* Frameworks */ = {
			isa = PBXFrameworksBuildPhase;
			buildActionMask = 2147483647;
			files = (
			);
			runOnlyForDeploymentPostprocessing = 0;
		};
		5446EABD23245089006A4FB7 /* Frameworks */ = {
			isa = PBXFrameworksBuildPhase;
			buildActionMask = 2147483647;
			files = (
			);
			runOnlyForDeploymentPostprocessing = 0;
		};
/* End PBXFrameworksBuildPhase section */

/* Begin PBXGroup section */
		5446EAA123245086006A4FB7 = {
			isa = PBXGroup;
			children = (
				5446EAAC23245087006A4FB7 /* automaton */,
				5446EAC323245089006A4FB7 /* automatonTests */,
				5446EAAB23245087006A4FB7 /* Products */,
			);
			sourceTree = "<group>";
		};
		5446EAAB23245087006A4FB7 /* Products */ = {
			isa = PBXGroup;
			children = (
				5446EAAA23245087006A4FB7 /* automaton.app */,
				5446EAC023245089006A4FB7 /* automatonTests.xctest */,
			);
			name = Products;
			sourceTree = "<group>";
		};
		5446EAAC23245087006A4FB7 /* automaton */ = {
			isa = PBXGroup;
			children = (
				54BFD23A2324C99F00EC398C /* models */,
				54BFD2362324C95800EC398C /* views */,
				5446EAAD23245087006A4FB7 /* AppDelegate.swift */,
				5446EAAF23245087006A4FB7 /* SceneDelegate.swift */,
				5446EABB23245089006A4FB7 /* Info.plist */,
				5446EAB823245089006A4FB7 /* LaunchScreen.storyboard */,
				5446EAB323245089006A4FB7 /* Assets.xcassets */,
				5446EAB523245089006A4FB7 /* Preview Content */,
				5495356323262D6C00FB82D9 /* Media.xcassets */,
			);
			path = automaton;
			sourceTree = "<group>";
		};
		5446EAB523245089006A4FB7 /* Preview Content */ = {
			isa = PBXGroup;
			children = (
				5446EAB623245089006A4FB7 /* Preview Assets.xcassets */,
			);
			path = "Preview Content";
			sourceTree = "<group>";
		};
		5446EAC323245089006A4FB7 /* automatonTests */ = {
			isa = PBXGroup;
			children = (
				5446EAC423245089006A4FB7 /* automatonTests.swift */,
				5446EAC623245089006A4FB7 /* Info.plist */,
			);
			path = automatonTests;
			sourceTree = "<group>";
		};
		54BFD2362324C95800EC398C /* views */ = {
			isa = PBXGroup;
			children = (
				54BFD23D2324DB4E00EC398C /* RedirectionRow.swift */,
				5446EAB123245087006A4FB7 /* ContentView.swift */,
			);
			path = views;
			sourceTree = "<group>";
		};
		54BFD23A2324C99F00EC398C /* models */ = {
			isa = PBXGroup;
			children = (
				54BFD23F23258E2F00EC398C /* IntentActionStore.swift */,
			);
			path = models;
			sourceTree = "<group>";
		};
/* End PBXGroup section */

/* Begin PBXNativeTarget section */
		5446EAA923245086006A4FB7 /* automaton */ = {
			isa = PBXNativeTarget;
			buildConfigurationList = 5446EAC923245089006A4FB7 /* Build configuration list for PBXNativeTarget "automaton" */;
			buildPhases = (
				5446EAA623245086006A4FB7 /* Sources */,
				5446EAA723245086006A4FB7 /* Frameworks */,
				5446EAA823245086006A4FB7 /* Resources */,
			);
			buildRules = (
			);
			dependencies = (
			);
			name = automaton;
			productName = automaton;
			productReference = 5446EAAA23245087006A4FB7 /* automaton.app */;
			productType = "com.apple.product-type.application";
		};
		5446EABF23245089006A4FB7 /* automatonTests */ = {
			isa = PBXNativeTarget;
			buildConfigurationList = 5446EACC23245089006A4FB7 /* Build configuration list for PBXNativeTarget "automatonTests" */;
			buildPhases = (
				5446EABC23245089006A4FB7 /* Sources */,
				5446EABD23245089006A4FB7 /* Frameworks */,
				5446EABE23245089006A4FB7 /* Resources */,
			);
			buildRules = (
			);
			dependencies = (
				5446EAC223245089006A4FB7 /* PBXTargetDependency */,
			);
			name = automatonTests;
			productName = automatonTests;
			productReference = 5446EAC023245089006A4FB7 /* automatonTests.xctest */;
			productType = "com.apple.product-type.bundle.unit-test";
		};
/* End PBXNativeTarget section */

/* Begin PBXProject section */
		5446EAA223245086006A4FB7 /* Project object */ = {
			isa = PBXProject;
			attributes = {
				LastSwiftUpdateCheck = 1100;
				LastUpgradeCheck = 1100;
				ORGANIZATIONNAME = "Dylan Owen";
				TargetAttributes = {
					5446EAA923245086006A4FB7 = {
						CreatedOnToolsVersion = 11.0;
					};
					5446EABF23245089006A4FB7 = {
						CreatedOnToolsVersion = 11.0;
						TestTargetID = 5446EAA923245086006A4FB7;
					};
				};
			};
			buildConfigurationList = 5446EAA523245086006A4FB7 /* Build configuration list for PBXProject "automaton" */;
			compatibilityVersion = "Xcode 9.3";
			developmentRegion = en;
			hasScannedForEncodings = 0;
			knownRegions = (
				en,
				Base,
			);
			mainGroup = 5446EAA123245086006A4FB7;
			productRefGroup = 5446EAAB23245087006A4FB7 /* Products */;
			projectDirPath = "";
			projectRoot = "";
			targets = (
				5446EAA923245086006A4FB7 /* automaton */,
				5446EABF23245089006A4FB7 /* automatonTests */,
			);
		};
/* End PBXProject section */

/* Begin PBXResourcesBuildPhase section */
		5446EAA823245086006A4FB7 /* Resources */ = {
			isa = PBXResourcesBuildPhase;
			buildActionMask = 2147483647;
			files = (
				5446EABA23245089006A4FB7 /* LaunchScreen.storyboard in Resources */,
				5446EAB723245089006A4FB7 /* Preview Assets.xcassets in Resources */,
				5495356423262D6C00FB82D9 /* Media.xcassets in Resources */,
				5446EAB423245089006A4FB7 /* Assets.xcassets in Resources */,
			);
			runOnlyForDeploymentPostprocessing = 0;
		};
		5446EABE23245089006A4FB7 /* Resources */ = {
			isa = PBXResourcesBuildPhase;
			buildActionMask = 2147483647;
			files = (
			);
			runOnlyForDeploymentPostprocessing = 0;
		};
/* End PBXResourcesBuildPhase section */

/* Begin PBXSourcesBuildPhase section */
		5446EAA623245086006A4FB7 /* Sources */ = {
			isa = PBXSourcesBuildPhase;
			buildActionMask = 2147483647;
			files = (
				5446EAAE23245087006A4FB7 /* AppDelegate.swift in Sources */,
				5446EAB023245087006A4FB7 /* SceneDelegate.swift in Sources */,
				54BFD24023258E2F00EC398C /* IntentActionStore.swift in Sources */,
				5446EAB223245087006A4FB7 /* ContentView.swift in Sources */,
				54BFD23E2324DB4E00EC398C /* RedirectionRow.swift in Sources */,
			);
			runOnlyForDeploymentPostprocessing = 0;
		};
		5446EABC23245089006A4FB7 /* Sources */ = {
			isa = PBXSourcesBuildPhase;
			buildActionMask = 2147483647;
			files = (
				5446EAC523245089006A4FB7 /* automatonTests.swift in Sources */,
			);
			runOnlyForDeploymentPostprocessing = 0;
		};
/* End PBXSourcesBuildPhase section */

/* Begin PBXTargetDependency section */
		5446EAC223245089006A4FB7 /* PBXTargetDependency */ = {
			isa = PBXTargetDependency;
			target = 5446EAA923245086006A4FB7 /* automaton */;
			targetProxy = 5446EAC123245089006A4FB7 /* PBXContainerItemProxy */;
		};
/* End PBXTargetDependency section */

/* Begin PBXVariantGroup section */
		5446EAB823245089006A4FB7 /* LaunchScreen.storyboard */ = {
			isa = PBXVariantGroup;
			children = (
				5446EAB923245089006A4FB7 /* Base */,
			);
			name = LaunchScreen.storyboard;
			sourceTree = "<group>";
		};
/* End PBXVariantGroup section */

/* Begin XCBuildConfiguration section */
		5446EAC723245089006A4FB7 /* Debug */ = {
			isa = XCBuildConfiguration;
			buildSettings = {
				ALWAYS_SEARCH_USER_PATHS = NO;
				CLANG_ANALYZER_NONNULL = YES;
				CLANG_ANALYZER_NUMBER_OBJECT_CONVERSION = YES_AGGRESSIVE;
				CLANG_CXX_LANGUAGE_STANDARD = "gnu++14";
				CLANG_CXX_LIBRARY = "libc++";
				CLANG_ENABLE_MODULES = YES;
				CLANG_ENABLE_OBJC_ARC = YES;
				CLANG_ENABLE_OBJC_WEAK = YES;
				CLANG_WARN_BLOCK_CAPTURE_AUTORELEASING = YES;
				CLANG_WARN_BOOL_CONVERSION = YES;
				CLANG_WARN_COMMA = YES;
				CLANG_WARN_CONSTANT_CONVERSION = YES;
				CLANG_WARN_DEPRECATED_OBJC_IMPLEMENTATIONS = YES;
				CLANG_WARN_DIRECT_OBJC_ISA_USAGE = YES_ERROR;
				CLANG_WARN_DOCUMENTATION_COMMENTS = YES;
				CLANG_WARN_EMPTY_BODY = YES;
				CLANG_WARN_ENUM_CONVERSION = YES;
				CLANG_WARN_INFINITE_RECURSION = YES;
				CLANG_WARN_INT_CONVERSION = YES;
				CLANG_WARN_NON_LITERAL_NULL_CONVERSION = YES;
				CLANG_WARN_OBJC_IMPLICIT_RETAIN_SELF = YES;
				CLANG_WARN_OBJC_LITERAL_CONVERSION = YES;
				CLANG_WARN_OBJC_ROOT_CLASS = YES_ERROR;
				CLANG_WARN_RANGE_LOOP_ANALYSIS = YES;
				CLANG_WARN_STRICT_PROTOTYPES = YES;
				CLANG_WARN_SUSPICIOUS_MOVE = YES;
				CLANG_WARN_UNGUARDED_AVAILABILITY = YES_AGGRESSIVE;
				CLANG_WARN_UNREACHABLE_CODE = YES;
				CLANG_WARN__DUPLICATE_METHOD_MATCH = YES;
				COPY_PHASE_STRIP = NO;
				DEBUG_INFORMATION_FORMAT = dwarf;
				ENABLE_STRICT_OBJC_MSGSEND = YES;
				ENABLE_TESTABILITY = YES;
				GCC_C_LANGUAGE_STANDARD = gnu11;
				GCC_DYNAMIC_NO_PIC = NO;
				GCC_NO_COMMON_BLOCKS = YES;
				GCC_OPTIMIZATION_LEVEL = 0;
				GCC_PREPROCESSOR_DEFINITIONS = (
					"DEBUG=1",
					"$(inherited)",
				);
				GCC_WARN_64_TO_32_BIT_CONVERSION = YES;
				GCC_WARN_ABOUT_RETURN_TYPE = YES_ERROR;
				GCC_WARN_UNDECLARED_SELECTOR = YES;
				GCC_WARN_UNINITIALIZED_AUTOS = YES_AGGRESSIVE;
				GCC_WARN_UNUSED_FUNCTION = YES;
				GCC_WARN_UNUSED_VARIABLE = YES;
				IPHONEOS_DEPLOYMENT_TARGET = 13.0;
				MTL_ENABLE_DEBUG_INFO = INCLUDE_SOURCE;
				MTL_FAST_MATH = YES;
				ONLY_ACTIVE_ARCH = YES;
				SDKROOT = iphoneos;
				SWIFT_ACTIVE_COMPILATION_CONDITIONS = DEBUG;
				SWIFT_OPTIMIZATION_LEVEL = "-Onone";
			};
			name = Debug;
		};
		5446EAC823245089006A4FB7 /* Release */ = {
			isa = XCBuildConfiguration;
			buildSettings = {
				ALWAYS_SEARCH_USER_PATHS = NO;
				CLANG_ANALYZER_NONNULL = YES;
				CLANG_ANALYZER_NUMBER_OBJECT_CONVERSION = YES_AGGRESSIVE;
				CLANG_CXX_LANGUAGE_STANDARD = "gnu++14";
				CLANG_CXX_LIBRARY = "libc++";
				CLANG_ENABLE_MODULES = YES;
				CLANG_ENABLE_OBJC_ARC = YES;
				CLANG_ENABLE_OBJC_WEAK = YES;
				CLANG_WARN_BLOCK_CAPTURE_AUTORELEASING = YES;
				CLANG_WARN_BOOL_CONVERSION = YES;
				CLANG_WARN_COMMA = YES;
				CLANG_WARN_CONSTANT_CONVERSION = YES;
				CLANG_WARN_DEPRECATED_OBJC_IMPLEMENTATIONS = YES;
				CLANG_WARN_DIRECT_OBJC_ISA_USAGE = YES_ERROR;
				CLANG_WARN_DOCUMENTATION_COMMENTS = YES;
				CLANG_WARN_EMPTY_BODY = YES;
				CLANG_WARN_ENUM_CONVERSION = YES;
				CLANG_WARN_INFINITE_RECURSION = YES;
				CLANG_WARN_INT_CONVERSION = YES;
				CLANG_WARN_NON_LITERAL_NULL_CONVERSION = YES;
				CLANG_WARN_OBJC_IMPLICIT_RETAIN_SELF = YES;
				CLANG_WARN_OBJC_LITERAL_CONVERSION = YES;
				CLANG_WARN_OBJC_ROOT_CLASS = YES_ERROR;
				CLANG_WARN_RANGE_LOOP_ANALYSIS = YES;
				CLANG_WARN_STRICT_PROTOTYPES = YES;
				CLANG_WARN_SUSPICIOUS_MOVE = YES;
				CLANG_WARN_UNGUARDED_AVAILABILITY = YES_AGGRESSIVE;
				CLANG_WARN_UNREACHABLE_CODE = YES;
				CLANG_WARN__DUPLICATE_METHOD_MATCH = YES;
				COPY_PHASE_STRIP = NO;
				DEBUG_INFORMATION_FORMAT = "dwarf-with-dsym";
				ENABLE_NS_ASSERTIONS = NO;
				ENABLE_STRICT_OBJC_MSGSEND = YES;
				GCC_C_LANGUAGE_STANDARD = gnu11;
				GCC_NO_COMMON_BLOCKS = YES;
				GCC_WARN_64_TO_32_BIT_CONVERSION = YES;
				GCC_WARN_ABOUT_RETURN_TYPE = YES_ERROR;
				GCC_WARN_UNDECLARED_SELECTOR = YES;
				GCC_WARN_UNINITIALIZED_AUTOS = YES_AGGRESSIVE;
				GCC_WARN_UNUSED_FUNCTION = YES;
				GCC_WARN_UNUSED_VARIABLE = YES;
				IPHONEOS_DEPLOYMENT_TARGET = 13.0;
				MTL_ENABLE_DEBUG_INFO = NO;
				MTL_FAST_MATH = YES;
				SDKROOT = iphoneos;
				SWIFT_COMPILATION_MODE = wholemodule;
				SWIFT_OPTIMIZATION_LEVEL = "-O";
				VALIDATE_PRODUCT = YES;
			};
			name = Release;
		};
		5446EACA23245089006A4FB7 /* Debug */ = {
			isa = XCBuildConfiguration;
			buildSettings = {
				ASSETCATALOG_COMPILER_APPICON_NAME = AppIcon;
				CODE_SIGN_STYLE = Automatic;
				DEVELOPMENT_ASSET_PATHS = "\"automaton/Preview Content\"";
				DEVELOPMENT_TEAM = ZXDMRALBK7;
				ENABLE_PREVIEWS = YES;
				INFOPLIST_FILE = automaton/Info.plist;
				LD_RUNPATH_SEARCH_PATHS = (
					"$(inherited)",
					"@executable_path/Frameworks",
				);
				PRODUCT_BUNDLE_IDENTIFIER = com.dylowen.automaton;
				PRODUCT_NAME = "$(TARGET_NAME)";
				SWIFT_VERSION = 5.0;
				TARGETED_DEVICE_FAMILY = "1,2";
			};
			name = Debug;
		};
		5446EACB23245089006A4FB7 /* Release */ = {
			isa = XCBuildConfiguration;
			buildSettings = {
				ASSETCATALOG_COMPILER_APPICON_NAME = AppIcon;
				CODE_SIGN_STYLE = Automatic;
				DEVELOPMENT_ASSET_PATHS = "\"automaton/Preview Content\"";
				DEVELOPMENT_TEAM = ZXDMRALBK7;
				ENABLE_PREVIEWS = YES;
				INFOPLIST_FILE = automaton/Info.plist;
				LD_RUNPATH_SEARCH_PATHS = (
					"$(inherited)",
					"@executable_path/Frameworks",
				);
				PRODUCT_BUNDLE_IDENTIFIER = com.dylowen.automaton;
				PRODUCT_NAME = "$(TARGET_NAME)";
				SWIFT_VERSION = 5.0;
				TARGETED_DEVICE_FAMILY = "1,2";
			};
			name = Release;
		};
		5446EACD23245089006A4FB7 /* Debug */ = {
			isa = XCBuildConfiguration;
			buildSettings = {
				ALWAYS_EMBED_SWIFT_STANDARD_LIBRARIES = YES;
				BUNDLE_LOADER = "$(TEST_HOST)";
				CODE_SIGN_STYLE = Automatic;
				DEVELOPMENT_TEAM = ZXDMRALBK7;
				INFOPLIST_FILE = automatonTests/Info.plist;
				IPHONEOS_DEPLOYMENT_TARGET = 13.0;
				LD_RUNPATH_SEARCH_PATHS = (
					"$(inherited)",
					"@executable_path/Frameworks",
					"@loader_path/Frameworks",
				);
				PRODUCT_BUNDLE_IDENTIFIER = com.dylowen.automatonTests;
				PRODUCT_NAME = "$(TARGET_NAME)";
				SWIFT_VERSION = 5.0;
				TARGETED_DEVICE_FAMILY = "1,2";
				TEST_HOST = "$(BUILT_PRODUCTS_DIR)/automaton.app/automaton";
			};
			name = Debug;
		};
		5446EACE23245089006A4FB7 /* Release */ = {
			isa = XCBuildConfiguration;
			buildSettings = {
				ALWAYS_EMBED_SWIFT_STANDARD_LIBRARIES = YES;
				BUNDLE_LOADER = "$(TEST_HOST)";
				CODE_SIGN_STYLE = Automatic;
				DEVELOPMENT_TEAM = ZXDMRALBK7;
				INFOPLIST_FILE = automatonTests/Info.plist;
				IPHONEOS_DEPLOYMENT_TARGET = 13.0;
				LD_RUNPATH_SEARCH_PATHS = (
					"$(inherited)",
					"@executable_path/Frameworks",
					"@loader_path/Frameworks",
				);
				PRODUCT_BUNDLE_IDENTIFIER = com.dylowen.automatonTests;
				PRODUCT_NAME = "$(TARGET_NAME)";
				SWIFT_VERSION = 5.0;
				TARGETED_DEVICE_FAMILY = "1,2";
				TEST_HOST = "$(BUILT_PRODUCTS_DIR)/automaton.app/automaton";
			};
			name = Release;
		};
/* End XCBuildConfiguration section */

/* Begin XCConfigurationList section */
		5446EAA523245086006A4FB7 /* Build configuration list for PBXProject "automaton" */ = {
			isa = XCConfigurationList;
			buildConfigurations = (
				5446EAC723245089006A4FB7 /* Debug */,
				5446EAC823245089006A4FB7 /* Release */,
			);
			defaultConfigurationIsVisible = 0;
			defaultConfigurationName = Release;
		};
		5446EAC923245089006A4FB7 /* Build configuration list for PBXNativeTarget "automaton" */ = {
			isa = XCConfigurationList;
			buildConfigurations = (
				5446EACA23245089006A4FB7 /* Debug */,
				5446EACB23245089006A4FB7 /* Release */,
			);
			defaultConfigurationIsVisible = 0;
			defaultConfigurationName = Release;
		};
		5446EACC23245089006A4FB7 /* Build configuration list for PBXNativeTarget "automatonTests" */ = {
			isa = XCConfigurationList;
			buildConfigurations = (
				5446EACD23245089006A4FB7 /* Debug */,
				5446EACE23245089006A4FB7 /* Release */,
			);
			defaultConfigurationIsVisible = 0;
			defaultConfigurationName = Release;
		};
/* End XCConfigurationList section */
	};
	rootObject = 5446EAA223245086006A4FB7 /* Project object */;
}
